{
  "nodes": {
    "basic-dev-shell": {
      "inputs": {
        "flake-utils": "flake-utils",
        "nixpkgs": "nixpkgs"
      },
      "locked": {
        "lastModified": 1673412513,
        "narHash": "sha256-LBWBY8sD2ggUU9UrTO51/b771YzSFuLtcM7vI5+baA0=",
        "owner": "necauqua",
        "repo": "basic-dev-shell",
        "rev": "af807760178e12bd93c642b539a515c71a7939c5",
        "type": "github"
      },
      "original": {
        "owner": "necauqua",
        "repo": "basic-dev-shell",
        "type": "github"
      }
    },
    "flake-utils": {
      "locked": {
        "lastModified": 1667395993,
        "narHash": "sha256-nuEHfE/LcWyuSWnS8t12N1wc105Qtau+/OdUAjtQ0rA=",
        "owner": "numtide",
        "repo": "flake-utils",
        "rev": "5aed5285a952e0b949eb3ba02c12fa4fcfef535f",
        "type": "github"
      },
      "original": {
        "owner": "numtide",
        "repo": "flake-utils",
        "type": "github"
      }
    },
    "nixpkgs": {
      "locked": {
        "lastModified": 1673409444,
        "narHash": "sha256-F3XVoEoshFLZlhdC0lZpVDbP/fBzDzvSCQ4UIQhHulM=",
        "owner": "nixos",
        "repo": "nixpkgs",
        "rev": "a6c9e5105948f14c2e9cd978e44cef83a3cfecb6",
        "type": "github"
      },
      "original": {
        "owner": "nixos",
        "repo": "nixpkgs",
        "type": "github"
      }
    },
    "root": {
      "inputs": {
        "basic-dev-shell": "basic-dev-shell"
      }
    }
  },
  "root": "root",
  "version": 7
}
