{
  "nodes": {
    "basic-dev-shell": {
      "inputs": {
        "flake-utils": "flake-utils",
        "nixpkgs": "nixpkgs"
      },
      "locked": {
        "lastModified": 1679322042,
        "narHash": "sha256-s7+QNYE9S/nWhIg/Y2WSU/knOKs3PMEB2w1ruBZkQS8=",
        "owner": "necauqua",
        "repo": "basic-dev-shell",
        "rev": "70d283c8c726bb59ee419b9354fd9fc8a4f55711",
        "type": "github"
      },
      "original": {
        "owner": "necauqua",
        "repo": "basic-dev-shell",
        "type": "github"
      }
    },
    "flake-utils": {
      "locked": {
        "lastModified": 1678901627,
        "narHash": "sha256-U02riOqrKKzwjsxc/400XnElV+UtPUQWpANPlyazjH0=",
        "owner": "numtide",
        "repo": "flake-utils",
        "rev": "93a2b84fc4b70d9e089d029deacc3583435c2ed6",
        "type": "github"
      },
      "original": {
        "id": "flake-utils",
        "type": "indirect"
      }
    },
    "nixpkgs": {
      "locked": {
        "lastModified": 1679281263,
        "narHash": "sha256-neMref1GTruSLt1jBgAw+lvGsZj8arQYfdxvSi5yp4Q=",
        "owner": "NixOS",
        "repo": "nixpkgs",
        "rev": "8276a165b9fa3db1a7a4f29ee29b680e0799b9dc",
        "type": "github"
      },
      "original": {
        "id": "nixpkgs",
        "type": "indirect"
      }
    },
    "root": {
      "inputs": {
        "basic-dev-shell": "basic-dev-shell"
      }
    }
  },
  "root": "root",
  "version": 7
}
